
Microsoft Visual Studio Solution File, Format Version 12.00
# Visual Studio Version 17
VisualStudioVersion = 17.8.34330.188
MinimumVisualStudioVersion = 10.0.40219.1
Project("{FAE04EC0-301F-11D3-BF4B-00C04F79EFBC}") = "MatricesEstructurasInEstructuras", "MatricesEstructurasInEstructuras\MatricesEstructurasInEstructuras.csproj", "{DE1D6D5E-425E-42F1-9950-3B602AA136B0}"
EndProject
Global
	GlobalSection(SolutionConfigurationPlatforms) = preSolution
		Debug|Any CPU = Debug|Any CPU
		Release|Any CPU = Release|Any CPU
	EndGlobalSection
	GlobalSection(ProjectConfigurationPlatforms) = postSolution
		{DE1D6D5E-425E-42F1-9950-3B602AA136B0}.Debug|Any CPU.ActiveCfg = Debug|Any CPU
		{DE1D6D5E-425E-42F1-9950-3B602AA136B0}.Debug|Any CPU.Build.0 = Debug|Any CPU
		{DE1D6D5E-425E-42F1-9950-3B602AA136B0}.Release|Any CPU.ActiveCfg = Release|Any CPU
		{DE1D6D5E-425E-42F1-9950-3B602AA136B0}.Release|Any CPU.Build.0 = Release|Any CPU
	EndGlobalSection
	GlobalSection(SolutionProperties) = preSolution
		HideSolutionNode = FALSE
	EndGlobalSection
	GlobalSection(ExtensibilityGlobals) = postSolution
		SolutionGuid = {AA6D64A1-DC11-4A71-B52C-BF5595209A88}
	EndGlobalSection
EndGlobal
